// !$*UTF8*$!
{
	archiveVersion = 1;
	classes = {
	};
	objectVersion = 55;
	objects = {

/* Begin PBXBuildFile section */
		9153E2D92794458400E845EC /* AppDelegate.swift in Sources */ = {isa = PBXBuildFile; fileRef = 9153E2D82794458400E845EC /* AppDelegate.swift */; };
		9153E2DB2794458400E845EC /* SceneDelegate.swift in Sources */ = {isa = PBXBuildFile; fileRef = 9153E2DA2794458400E845EC /* SceneDelegate.swift */; };
		9153E2E02794458400E845EC /* Main.storyboard in Resources */ = {isa = PBXBuildFile; fileRef = 9153E2DE2794458400E845EC /* Main.storyboard */; };
		9153E2E22794458700E845EC /* Assets.xcassets in Resources */ = {isa = PBXBuildFile; fileRef = 9153E2E12794458700E845EC /* Assets.xcassets */; };
		9153E2E52794458700E845EC /* LaunchScreen.storyboard in Resources */ = {isa = PBXBuildFile; fileRef = 9153E2E32794458700E845EC /* LaunchScreen.storyboard */; };
		9153E2ED27944B9E00E845EC /* SearchViewController.swift in Sources */ = {isa = PBXBuildFile; fileRef = 9153E2EC27944B9E00E845EC /* SearchViewController.swift */; };
		9153E2EF27944BDA00E845EC /* DetailViewController.swift in Sources */ = {isa = PBXBuildFile; fileRef = 9153E2EE27944BDA00E845EC /* DetailViewController.swift */; };
		9153E2F3279462E000E845EC /* Book.swift in Sources */ = {isa = PBXBuildFile; fileRef = 9153E2F2279462E000E845EC /* Book.swift */; };
		9153E2F5279467E500E845EC /* BookSearchManager.swift in Sources */ = {isa = PBXBuildFile; fileRef = 9153E2F4279467E500E845EC /* BookSearchManager.swift */; };
/* End PBXBuildFile section */

/* Begin PBXFileReference section */
		9153E2D52794458400E845EC /* Schwechau&VögelAGTestTask.app */ = {isa = PBXFileReference; explicitFileType = wrapper.application; includeInIndex = 0; path = "Schwechau&VögelAGTestTask.app"; sourceTree = BUILT_PRODUCTS_DIR; };
		9153E2D82794458400E845EC /* AppDelegate.swift */ = {isa = PBXFileReference; lastKnownFileType = sourcecode.swift; path = AppDelegate.swift; sourceTree = "<group>"; };
		9153E2DA2794458400E845EC /* SceneDelegate.swift */ = {isa = PBXFileReference; lastKnownFileType = sourcecode.swift; path = SceneDelegate.swift; sourceTree = "<group>"; };
		9153E2DF2794458400E845EC /* Base */ = {isa = PBXFileReference; lastKnownFileType = file.storyboard; name = Base; path = Base.lproj/Main.storyboard; sourceTree = "<group>"; };
		9153E2E12794458700E845EC /* Assets.xcassets */ = {isa = PBXFileReference; lastKnownFileType = folder.assetcatalog; path = Assets.xcassets; sourceTree = "<group>"; };
		9153E2E42794458700E845EC /* Base */ = {isa = PBXFileReference; lastKnownFileType = file.storyboard; name = Base; path = Base.lproj/LaunchScreen.storyboard; sourceTree = "<group>"; };
		9153E2E62794458700E845EC /* Info.plist */ = {isa = PBXFileReference; lastKnownFileType = text.plist.xml; path = Info.plist; sourceTree = "<group>"; };
		9153E2EC27944B9E00E845EC /* SearchViewController.swift */ = {isa = PBXFileReference; lastKnownFileType = sourcecode.swift; path = SearchViewController.swift; sourceTree = "<group>"; };
		9153E2EE27944BDA00E845EC /* DetailViewController.swift */ = {isa = PBXFileReference; lastKnownFileType = sourcecode.swift; path = DetailViewController.swift; sourceTree = "<group>"; };
		9153E2F2279462E000E845EC /* Book.swift */ = {isa = PBXFileReference; lastKnownFileType = sourcecode.swift; path = Book.swift; sourceTree = "<group>"; };
		9153E2F4279467E500E845EC /* BookSearchManager.swift */ = {isa = PBXFileReference; lastKnownFileType = sourcecode.swift; path = BookSearchManager.swift; sourceTree = "<group>"; };
/* End PBXFileReference section */

/* Begin PBXFrameworksBuildPhase section */
		9153E2D22794458400E845EC /* Frameworks */ = {
			isa = PBXFrameworksBuildPhase;
			buildActionMask = 2147483647;
			files = (
			);
			runOnlyForDeploymentPostprocessing = 0;
		};
/* End PBXFrameworksBuildPhase section */

/* Begin PBXGroup section */
		9153E2CC2794458400E845EC = {
			isa = PBXGroup;
			children = (
				9153E2D72794458400E845EC /* Schwechau&VögelAGTestTask */,
				9153E2D62794458400E845EC /* Products */,
			);
			sourceTree = "<group>";
		};
		9153E2D62794458400E845EC /* Products */ = {
			isa = PBXGroup;
			children = (
				9153E2D52794458400E845EC /* Schwechau&VögelAGTestTask.app */,
			);
			name = Products;
			sourceTree = "<group>";
		};
		9153E2D72794458400E845EC /* Schwechau&VögelAGTestTask */ = {
			isa = PBXGroup;
			children = (
				9153E2D82794458400E845EC /* AppDelegate.swift */,
				9153E2DA2794458400E845EC /* SceneDelegate.swift */,
				9153E2EC27944B9E00E845EC /* SearchViewController.swift */,
				9153E2EE27944BDA00E845EC /* DetailViewController.swift */,
				9153E2F4279467E500E845EC /* BookSearchManager.swift */,
				9153E2F2279462E000E845EC /* Book.swift */,
				9153E2DE2794458400E845EC /* Main.storyboard */,
				9153E2E12794458700E845EC /* Assets.xcassets */,
				9153E2E32794458700E845EC /* LaunchScreen.storyboard */,
				9153E2E62794458700E845EC /* Info.plist */,
			);
			path = "Schwechau&VögelAGTestTask";
			sourceTree = "<group>";
		};
/* End PBXGroup section */

/* Begin PBXNativeTarget section */
		9153E2D42794458400E845EC /* Schwechau&VögelAGTestTask */ = {
			isa = PBXNativeTarget;
			buildConfigurationList = 9153E2E92794458700E845EC /* Build configuration list for PBXNativeTarget "Schwechau&VögelAGTestTask" */;
			buildPhases = (
				9153E2D12794458400E845EC /* Sources */,
				9153E2D22794458400E845EC /* Frameworks */,
				9153E2D32794458400E845EC /* Resources */,
			);
			buildRules = (
			);
			dependencies = (
			);
			name = "Schwechau&VögelAGTestTask";
			productName = "Schwechau&VögelAGTestTask";
			productReference = 9153E2D52794458400E845EC /* Schwechau&VögelAGTestTask.app */;
			productType = "com.apple.product-type.application";
		};
/* End PBXNativeTarget section */

/* Begin PBXProject section */
		9153E2CD2794458400E845EC /* Project object */ = {
			isa = PBXProject;
			attributes = {
				BuildIndependentTargetsInParallel = 1;
				LastSwiftUpdateCheck = 1300;
				LastUpgradeCheck = 1300;
				TargetAttributes = {
					9153E2D42794458400E845EC = {
						CreatedOnToolsVersion = 13.0;
					};
				};
			};
			buildConfigurationList = 9153E2D02794458400E845EC /* Build configuration list for PBXProject "Schwechau&VögelAGTestTask" */;
			compatibilityVersion = "Xcode 13.0";
			developmentRegion = en;
			hasScannedForEncodings = 0;
			knownRegions = (
				en,
				Base,
			);
			mainGroup = 9153E2CC2794458400E845EC;
			productRefGroup = 9153E2D62794458400E845EC /* Products */;
			projectDirPath = "";
			projectRoot = "";
			targets = (
				9153E2D42794458400E845EC /* Schwechau&VögelAGTestTask */,
			);
		};
/* End PBXProject section */

/* Begin PBXResourcesBuildPhase section */
		9153E2D32794458400E845EC /* Resources */ = {
			isa = PBXResourcesBuildPhase;
			buildActionMask = 2147483647;
			files = (
				9153E2E52794458700E845EC /* LaunchScreen.storyboard in Resources */,
				9153E2E22794458700E845EC /* Assets.xcassets in Resources */,
				9153E2E02794458400E845EC /* Main.storyboard in Resources */,
			);
			runOnlyForDeploymentPostprocessing = 0;
		};
/* End PBXResourcesBuildPhase section */

/* Begin PBXSourcesBuildPhase section */
		9153E2D12794458400E845EC /* Sources */ = {
			isa = PBXSourcesBuildPhase;
			buildActionMask = 2147483647;
			files = (
				9153E2ED27944B9E00E845EC /* SearchViewController.swift in Sources */,
				9153E2D92794458400E845EC /* AppDelegate.swift in Sources */,
				9153E2DB2794458400E845EC /* SceneDelegate.swift in Sources */,
				9153E2F3279462E000E845EC /* Book.swift in Sources */,
				9153E2F5279467E500E845EC /* BookSearchManager.swift in Sources */,
				9153E2EF27944BDA00E845EC /* DetailViewController.swift in Sources */,
			);
			runOnlyForDeploymentPostprocessing = 0;
		};
/* End PBXSourcesBuildPhase section */

/* Begin PBXVariantGroup section */
		9153E2DE2794458400E845EC /* Main.storyboard */ = {
			isa = PBXVariantGroup;
			children = (
				9153E2DF2794458400E845EC /* Base */,
			);
			name = Main.storyboard;
			sourceTree = "<group>";
		};
		9153E2E32794458700E845EC /* LaunchScreen.storyboard */ = {
			isa = PBXVariantGroup;
			children = (
				9153E2E42794458700E845EC /* Base */,
			);
			name = LaunchScreen.storyboard;
			sourceTree = "<group>";
		};
/* End PBXVariantGroup section */

/* Begin XCBuildConfiguration section */
		9153E2E72794458700E845EC /* Debug */ = {
			isa = XCBuildConfiguration;
			buildSettings = {
				ALWAYS_SEARCH_USER_PATHS = NO;
				CLANG_ANALYZER_NONNULL = YES;
				CLANG_ANALYZER_NUMBER_OBJECT_CONVERSION = YES_AGGRESSIVE;
				CLANG_CXX_LANGUAGE_STANDARD = "gnu++17";
				CLANG_CXX_LIBRARY = "libc++";
				CLANG_ENABLE_MODULES = YES;
				CLANG_ENABLE_OBJC_ARC = YES;
				CLANG_ENABLE_OBJC_WEAK = YES;
				CLANG_WARN_BLOCK_CAPTURE_AUTORELEASING = YES;
				CLANG_WARN_BOOL_CONVERSION = YES;
				CLANG_WARN_COMMA = YES;
				CLANG_WARN_CONSTANT_CONVERSION = YES;
				CLANG_WARN_DEPRECATED_OBJC_IMPLEMENTATIONS = YES;
				CLANG_WARN_DIRECT_OBJC_ISA_USAGE = YES_ERROR;
				CLANG_WARN_DOCUMENTATION_COMMENTS = YES;
				CLANG_WARN_EMPTY_BODY = YES;
				CLANG_WARN_ENUM_CONVERSION = YES;
				CLANG_WARN_INFINITE_RECURSION = YES;
				CLANG_WARN_INT_CONVERSION = YES;
				CLANG_WARN_NON_LITERAL_NULL_CONVERSION = YES;
				CLANG_WARN_OBJC_IMPLICIT_RETAIN_SELF = YES;
				CLANG_WARN_OBJC_LITERAL_CONVERSION = YES;
				CLANG_WARN_OBJC_ROOT_CLASS = YES_ERROR;
				CLANG_WARN_QUOTED_INCLUDE_IN_FRAMEWORK_HEADER = YES;
				CLANG_WARN_RANGE_LOOP_ANALYSIS = YES;
				CLANG_WARN_STRICT_PROTOTYPES = YES;
				CLANG_WARN_SUSPICIOUS_MOVE = YES;
				CLANG_WARN_UNGUARDED_AVAILABILITY = YES_AGGRESSIVE;
				CLANG_WARN_UNREACHABLE_CODE = YES;
				CLANG_WARN__DUPLICATE_METHOD_MATCH = YES;
				COPY_PHASE_STRIP = NO;
				DEBUG_INFORMATION_FORMAT = dwarf;
				ENABLE_STRICT_OBJC_MSGSEND = YES;
				ENABLE_TESTABILITY = YES;
				GCC_C_LANGUAGE_STANDARD = gnu11;
				GCC_DYNAMIC_NO_PIC = NO;
				GCC_NO_COMMON_BLOCKS = YES;
				GCC_OPTIMIZATION_LEVEL = 0;
				GCC_PREPROCESSOR_DEFINITIONS = (
					"DEBUG=1",
					"$(inherited)",
				);
				GCC_WARN_64_TO_32_BIT_CONVERSION = YES;
				GCC_WARN_ABOUT_RETURN_TYPE = YES_ERROR;
				GCC_WARN_UNDECLARED_SELECTOR = YES;
				GCC_WARN_UNINITIALIZED_AUTOS = YES_AGGRESSIVE;
				GCC_WARN_UNUSED_FUNCTION = YES;
				GCC_WARN_UNUSED_VARIABLE = YES;
				IPHONEOS_DEPLOYMENT_TARGET = 15.0;
				MTL_ENABLE_DEBUG_INFO = INCLUDE_SOURCE;
				MTL_FAST_MATH = YES;
				ONLY_ACTIVE_ARCH = YES;
				SDKROOT = iphoneos;
				SWIFT_ACTIVE_COMPILATION_CONDITIONS = DEBUG;
				SWIFT_OPTIMIZATION_LEVEL = "-Onone";
			};
			name = Debug;
		};
		9153E2E82794458700E845EC /* Release */ = {
			isa = XCBuildConfiguration;
			buildSettings = {
				ALWAYS_SEARCH_USER_PATHS = NO;
				CLANG_ANALYZER_NONNULL = YES;
				CLANG_ANALYZER_NUMBER_OBJECT_CONVERSION = YES_AGGRESSIVE;
				CLANG_CXX_LANGUAGE_STANDARD = "gnu++17";
				CLANG_CXX_LIBRARY = "libc++";
				CLANG_ENABLE_MODULES = YES;
				CLANG_ENABLE_OBJC_ARC = YES;
				CLANG_ENABLE_OBJC_WEAK = YES;
				CLANG_WARN_BLOCK_CAPTURE_AUTORELEASING = YES;
				CLANG_WARN_BOOL_CONVERSION = YES;
				CLANG_WARN_COMMA = YES;
				CLANG_WARN_CONSTANT_CONVERSION = YES;
				CLANG_WARN_DEPRECATED_OBJC_IMPLEMENTATIONS = YES;
				CLANG_WARN_DIRECT_OBJC_ISA_USAGE = YES_ERROR;
				CLANG_WARN_DOCUMENTATION_COMMENTS = YES;
				CLANG_WARN_EMPTY_BODY = YES;
				CLANG_WARN_ENUM_CONVERSION = YES;
				CLANG_WARN_INFINITE_RECURSION = YES;
				CLANG_WARN_INT_CONVERSION = YES;
				CLANG_WARN_NON_LITERAL_NULL_CONVERSION = YES;
				CLANG_WARN_OBJC_IMPLICIT_RETAIN_SELF = YES;
				CLANG_WARN_OBJC_LITERAL_CONVERSION = YES;
				CLANG_WARN_OBJC_ROOT_CLASS = YES_ERROR;
				CLANG_WARN_QUOTED_INCLUDE_IN_FRAMEWORK_HEADER = YES;
				CLANG_WARN_RANGE_LOOP_ANALYSIS = YES;
				CLANG_WARN_STRICT_PROTOTYPES = YES;
				CLANG_WARN_SUSPICIOUS_MOVE = YES;
				CLANG_WARN_UNGUARDED_AVAILABILITY = YES_AGGRESSIVE;
				CLANG_WARN_UNREACHABLE_CODE = YES;
				CLANG_WARN__DUPLICATE_METHOD_MATCH = YES;
				COPY_PHASE_STRIP = NO;
				DEBUG_INFORMATION_FORMAT = "dwarf-with-dsym";
				ENABLE_NS_ASSERTIONS = NO;
				ENABLE_STRICT_OBJC_MSGSEND = YES;
				GCC_C_LANGUAGE_STANDARD = gnu11;
				GCC_NO_COMMON_BLOCKS = YES;
				GCC_WARN_64_TO_32_BIT_CONVERSION = YES;
				GCC_WARN_ABOUT_RETURN_TYPE = YES_ERROR;
				GCC_WARN_UNDECLARED_SELECTOR = YES;
				GCC_WARN_UNINITIALIZED_AUTOS = YES_AGGRESSIVE;
				GCC_WARN_UNUSED_FUNCTION = YES;
				GCC_WARN_UNUSED_VARIABLE = YES;
				IPHONEOS_DEPLOYMENT_TARGET = 15.0;
				MTL_ENABLE_DEBUG_INFO = NO;
				MTL_FAST_MATH = YES;
				SDKROOT = iphoneos;
				SWIFT_COMPILATION_MODE = wholemodule;
				SWIFT_OPTIMIZATION_LEVEL = "-O";
				VALIDATE_PRODUCT = YES;
			};
			name = Release;
		};
		9153E2EA2794458700E845EC /* Debug */ = {
			isa = XCBuildConfiguration;
			buildSettings = {
				ASSETCATALOG_COMPILER_APPICON_NAME = AppIcon;
				ASSETCATALOG_COMPILER_GLOBAL_ACCENT_COLOR_NAME = AccentColor;
				CODE_SIGN_STYLE = Automatic;
				CURRENT_PROJECT_VERSION = 1;
				DEVELOPMENT_TEAM = M8KC244ECU;
				GENERATE_INFOPLIST_FILE = YES;
				INFOPLIST_FILE = "Schwechau&VögelAGTestTask/Info.plist";
				INFOPLIST_KEY_UIApplicationSupportsIndirectInputEvents = YES;
				INFOPLIST_KEY_UILaunchStoryboardName = LaunchScreen;
				INFOPLIST_KEY_UIMainStoryboardFile = Main;
				INFOPLIST_KEY_UISupportedInterfaceOrientations = "UIInterfaceOrientationPortrait UIInterfaceOrientationLandscapeLeft UIInterfaceOrientationLandscapeRight";
				INFOPLIST_KEY_UISupportedInterfaceOrientations_iPad = "UIInterfaceOrientationPortrait UIInterfaceOrientationPortraitUpsideDown UIInterfaceOrientationLandscapeLeft UIInterfaceOrientationLandscapeRight";
				INFOPLIST_KEY_UISupportedInterfaceOrientations_iPhone = "UIInterfaceOrientationPortrait UIInterfaceOrientationLandscapeLeft UIInterfaceOrientationLandscapeRight";
				LD_RUNPATH_SEARCH_PATHS = (
					"$(inherited)",
					"@executable_path/Frameworks",
				);
				MARKETING_VERSION = 1.0;
				PRODUCT_BUNDLE_IDENTIFIER = "NickSagan.Schwechau-Vo-gelAGTestTask";
				PRODUCT_NAME = "$(TARGET_NAME)";
				SWIFT_EMIT_LOC_STRINGS = YES;
				SWIFT_VERSION = 5.0;
				TARGETED_DEVICE_FAMILY = 1;
			};
			name = Debug;
		};
		9153E2EB2794458700E845EC /* Release */ = {
			isa = XCBuildConfiguration;
			buildSettings = {
				ASSETCATALOG_COMPILER_APPICON_NAME = AppIcon;
				ASSETCATALOG_COMPILER_GLOBAL_ACCENT_COLOR_NAME = AccentColor;
				CODE_SIGN_STYLE = Automatic;
				CURRENT_PROJECT_VERSION = 1;
				DEVELOPMENT_TEAM = M8KC244ECU;
				GENERATE_INFOPLIST_FILE = YES;
				INFOPLIST_FILE = "Schwechau&VögelAGTestTask/Info.plist";
				INFOPLIST_KEY_UIApplicationSupportsIndirectInputEvents = YES;
				INFOPLIST_KEY_UILaunchStoryboardName = LaunchScreen;
				INFOPLIST_KEY_UIMainStoryboardFile = Main;
				INFOPLIST_KEY_UISupportedInterfaceOrientations = "UIInterfaceOrientationPortrait UIInterfaceOrientationLandscapeLeft UIInterfaceOrientationLandscapeRight";
				INFOPLIST_KEY_UISupportedInterfaceOrientations_iPad = "UIInterfaceOrientationPortrait UIInterfaceOrientationPortraitUpsideDown UIInterfaceOrientationLandscapeLeft UIInterfaceOrientationLandscapeRight";
				INFOPLIST_KEY_UISupportedInterfaceOrientations_iPhone = "UIInterfaceOrientationPortrait UIInterfaceOrientationLandscapeLeft UIInterfaceOrientationLandscapeRight";
				LD_RUNPATH_SEARCH_PATHS = (
					"$(inherited)",
					"@executable_path/Frameworks",
				);
				MARKETING_VERSION = 1.0;
				PRODUCT_BUNDLE_IDENTIFIER = "NickSagan.Schwechau-Vo-gelAGTestTask";
				PRODUCT_NAME = "$(TARGET_NAME)";
				SWIFT_EMIT_LOC_STRINGS = YES;
				SWIFT_VERSION = 5.0;
				TARGETED_DEVICE_FAMILY = 1;
			};
			name = Release;
		};
/* End XCBuildConfiguration section */

/* Begin XCConfigurationList section */
		9153E2D02794458400E845EC /* Build configuration list for PBXProject "Schwechau&VögelAGTestTask" */ = {
			isa = XCConfigurationList;
			buildConfigurations = (
				9153E2E72794458700E845EC /* Debug */,
				9153E2E82794458700E845EC /* Release */,
			);
			defaultConfigurationIsVisible = 0;
			defaultConfigurationName = Release;
		};
		9153E2E92794458700E845EC /* Build configuration list for PBXNativeTarget "Schwechau&VögelAGTestTask" */ = {
			isa = XCConfigurationList;
			buildConfigurations = (
				9153E2EA2794458700E845EC /* Debug */,
				9153E2EB2794458700E845EC /* Release */,
			);
			defaultConfigurationIsVisible = 0;
			defaultConfigurationName = Release;
		};
/* End XCConfigurationList section */
	};
	rootObject = 9153E2CD2794458400E845EC /* Project object */;
}
